
Microsoft Visual Studio Solution File, Format Version 12.00
# Visual Studio Version 17
VisualStudioVersion = 17.0.32014.148
MinimumVisualStudioVersion = 10.0.40219.1
Project("{2150E333-8FDC-42A3-9474-1A3956D46DE8}") = "Backend.Core", "Backend.Core", "{506B0EF0-0DB1-40F5-9AFD-DF258C951E76}"
EndProject
Project("{9A19103F-16F7-4668-BE54-9A1E7A4F7556}") = "Backend.Application", "Backend.Application\Backend.Application.csproj", "{22107112-1819-459A-B28F-CA6CCB855E5C}"
EndProject
Project("{9A19103F-16F7-4668-BE54-9A1E7A4F7556}") = "Backend.Domain", "Backend.Domain\Backend.Domain.csproj", "{C95B698A-9C4F-430B-A8E0-3C361475F26F}"
EndProject
Project("{9A19103F-16F7-4668-BE54-9A1E7A4F7556}") = "Backend.Infraestructure", "Backend.Infraestructure\Backend.Infraestructure.csproj", "{E60EAD10-A59B-458A-A137-6AA8EED7E26F}"
EndProject
Project("{2150E333-8FDC-42A3-9474-1A3956D46DE8}") = "Web", "Web", "{27E50473-8F0A-4057-9387-059638B56994}"
EndProject
Project("{9A19103F-16F7-4668-BE54-9A1E7A4F7556}") = "Backend.Api", "Backend.Api\Backend.Api.csproj", "{C0841998-CA4A-443B-BB3A-57B5C948FA66}"
EndProject
Project("{9A19103F-16F7-4668-BE54-9A1E7A4F7556}") = "Backend.Common", "Backend.Common\Backend.Common.csproj", "{2B8FE923-44C7-497C-864F-63CC5317E61E}"
EndProject
Project("{2150E333-8FDC-42A3-9474-1A3956D46DE8}") = "Workers", "Workers", "{98942896-6870-44B1-B2BC-B26BFF832929}"
EndProject
Project("{9A19103F-16F7-4668-BE54-9A1E7A4F7556}") = "Backend.Worker", "Backend.Worker\Backend.Worker.csproj", "{74E36201-6BBA-42A6-9639-0031BB01BD85}"
EndProject
Project("{9A19103F-16F7-4668-BE54-9A1E7A4F7556}") = "BackendLambda", "Backend.Lambda\BackendLambda.csproj", "{F0CCE09C-2B16-4B17-A73E-322915419F17}"
EndProject
Project("{2150E333-8FDC-42A3-9474-1A3956D46DE8}") = "EventBus", "EventBus", "{F57C9F74-D0E0-43AC-B01C-843601B8B4E3}"
EndProject
Project("{9A19103F-16F7-4668-BE54-9A1E7A4F7556}") = "Backend.Abstract", "Backend.Abstract\Backend.Abstract.csproj", "{73F0A4D9-7D44-467B-940B-031A6641381E}"
EndProject
Project("{2150E333-8FDC-42A3-9474-1A3956D46DE8}") = "Tests", "Tests", "{BACC8B2A-DC3A-4F1A-836D-BDBAAE016BAA}"
EndProject
Project("{9A19103F-16F7-4668-BE54-9A1E7A4F7556}") = "Lambda.Tests", "Lambda.Tests\Lambda.Tests.csproj", "{4CEFB301-C55F-4BFC-A4F5-AD3C7A8BE5FB}"
EndProject
Global
	GlobalSection(SolutionConfigurationPlatforms) = preSolution
		Debug|Any CPU = Debug|Any CPU
		Release|Any CPU = Release|Any CPU
	EndGlobalSection
	GlobalSection(ProjectConfigurationPlatforms) = postSolution
		{22107112-1819-459A-B28F-CA6CCB855E5C}.Debug|Any CPU.ActiveCfg = Debug|Any CPU
		{22107112-1819-459A-B28F-CA6CCB855E5C}.Debug|Any CPU.Build.0 = Debug|Any CPU
		{22107112-1819-459A-B28F-CA6CCB855E5C}.Release|Any CPU.ActiveCfg = Release|Any CPU
		{22107112-1819-459A-B28F-CA6CCB855E5C}.Release|Any CPU.Build.0 = Release|Any CPU
		{C95B698A-9C4F-430B-A8E0-3C361475F26F}.Debug|Any CPU.ActiveCfg = Debug|Any CPU
		{C95B698A-9C4F-430B-A8E0-3C361475F26F}.Debug|Any CPU.Build.0 = Debug|Any CPU
		{C95B698A-9C4F-430B-A8E0-3C361475F26F}.Release|Any CPU.ActiveCfg = Release|Any CPU
		{C95B698A-9C4F-430B-A8E0-3C361475F26F}.Release|Any CPU.Build.0 = Release|Any CPU
		{E60EAD10-A59B-458A-A137-6AA8EED7E26F}.Debug|Any CPU.ActiveCfg = Debug|Any CPU
		{E60EAD10-A59B-458A-A137-6AA8EED7E26F}.Debug|Any CPU.Build.0 = Debug|Any CPU
		{E60EAD10-A59B-458A-A137-6AA8EED7E26F}.Release|Any CPU.ActiveCfg = Release|Any CPU
		{E60EAD10-A59B-458A-A137-6AA8EED7E26F}.Release|Any CPU.Build.0 = Release|Any CPU
		{C0841998-CA4A-443B-BB3A-57B5C948FA66}.Debug|Any CPU.ActiveCfg = Debug|Any CPU
		{C0841998-CA4A-443B-BB3A-57B5C948FA66}.Debug|Any CPU.Build.0 = Debug|Any CPU
		{C0841998-CA4A-443B-BB3A-57B5C948FA66}.Release|Any CPU.ActiveCfg = Release|Any CPU
		{C0841998-CA4A-443B-BB3A-57B5C948FA66}.Release|Any CPU.Build.0 = Release|Any CPU
		{2B8FE923-44C7-497C-864F-63CC5317E61E}.Debug|Any CPU.ActiveCfg = Debug|Any CPU
		{2B8FE923-44C7-497C-864F-63CC5317E61E}.Debug|Any CPU.Build.0 = Debug|Any CPU
		{2B8FE923-44C7-497C-864F-63CC5317E61E}.Release|Any CPU.ActiveCfg = Release|Any CPU
		{2B8FE923-44C7-497C-864F-63CC5317E61E}.Release|Any CPU.Build.0 = Release|Any CPU
		{74E36201-6BBA-42A6-9639-0031BB01BD85}.Debug|Any CPU.ActiveCfg = Debug|Any CPU
		{74E36201-6BBA-42A6-9639-0031BB01BD85}.Debug|Any CPU.Build.0 = Debug|Any CPU
		{74E36201-6BBA-42A6-9639-0031BB01BD85}.Release|Any CPU.ActiveCfg = Release|Any CPU
		{74E36201-6BBA-42A6-9639-0031BB01BD85}.Release|Any CPU.Build.0 = Release|Any CPU
		{F0CCE09C-2B16-4B17-A73E-322915419F17}.Debug|Any CPU.ActiveCfg = Debug|Any CPU
		{F0CCE09C-2B16-4B17-A73E-322915419F17}.Debug|Any CPU.Build.0 = Debug|Any CPU
		{F0CCE09C-2B16-4B17-A73E-322915419F17}.Release|Any CPU.ActiveCfg = Release|Any CPU
		{F0CCE09C-2B16-4B17-A73E-322915419F17}.Release|Any CPU.Build.0 = Release|Any CPU
		{73F0A4D9-7D44-467B-940B-031A6641381E}.Debug|Any CPU.ActiveCfg = Debug|Any CPU
		{73F0A4D9-7D44-467B-940B-031A6641381E}.Debug|Any CPU.Build.0 = Debug|Any CPU
		{73F0A4D9-7D44-467B-940B-031A6641381E}.Release|Any CPU.ActiveCfg = Release|Any CPU
		{73F0A4D9-7D44-467B-940B-031A6641381E}.Release|Any CPU.Build.0 = Release|Any CPU
		{4CEFB301-C55F-4BFC-A4F5-AD3C7A8BE5FB}.Debug|Any CPU.ActiveCfg = Debug|Any CPU
		{4CEFB301-C55F-4BFC-A4F5-AD3C7A8BE5FB}.Debug|Any CPU.Build.0 = Debug|Any CPU
		{4CEFB301-C55F-4BFC-A4F5-AD3C7A8BE5FB}.Release|Any CPU.ActiveCfg = Release|Any CPU
		{4CEFB301-C55F-4BFC-A4F5-AD3C7A8BE5FB}.Release|Any CPU.Build.0 = Release|Any CPU
	EndGlobalSection
	GlobalSection(SolutionProperties) = preSolution
		HideSolutionNode = FALSE
	EndGlobalSection
	GlobalSection(NestedProjects) = preSolution
		{22107112-1819-459A-B28F-CA6CCB855E5C} = {506B0EF0-0DB1-40F5-9AFD-DF258C951E76}
		{C95B698A-9C4F-430B-A8E0-3C361475F26F} = {506B0EF0-0DB1-40F5-9AFD-DF258C951E76}
		{E60EAD10-A59B-458A-A137-6AA8EED7E26F} = {506B0EF0-0DB1-40F5-9AFD-DF258C951E76}
		{C0841998-CA4A-443B-BB3A-57B5C948FA66} = {27E50473-8F0A-4057-9387-059638B56994}
		{2B8FE923-44C7-497C-864F-63CC5317E61E} = {506B0EF0-0DB1-40F5-9AFD-DF258C951E76}
		{74E36201-6BBA-42A6-9639-0031BB01BD85} = {98942896-6870-44B1-B2BC-B26BFF832929}
		{F0CCE09C-2B16-4B17-A73E-322915419F17} = {27E50473-8F0A-4057-9387-059638B56994}
		{73F0A4D9-7D44-467B-940B-031A6641381E} = {F57C9F74-D0E0-43AC-B01C-843601B8B4E3}
		{4CEFB301-C55F-4BFC-A4F5-AD3C7A8BE5FB} = {BACC8B2A-DC3A-4F1A-836D-BDBAAE016BAA}
	EndGlobalSection
	GlobalSection(ExtensibilityGlobals) = postSolution
		SolutionGuid = {F33B9130-8EFB-4F94-A506-14DB8DAF63AD}
	EndGlobalSection
EndGlobal
